{
  "name": "files-nav",
  "version": "0.1.0",
  "lockfileVersion": 3,
  "requires": true,
  "packages": {
    "": {
      "name": "files-nav",
      "version": "0.1.0",
      "dependencies": {
        "@codemirror/commands": "^6.11.1",
        "@codemirror/lang-css": "^6.3.1",
        "@codemirror/lang-html": "^6.4.12",
        "@codemirror/lang-javascript": "^6.2.5",
        "@codemirror/lang-json": "^6.0.2",
        "@codemirror/lang-markdown": "^6.5.2",
        "@codemirror/lang-python": "^6.2.1",
        "@codemirror/language": "^6.12.4",
        "@codemirror/language-data": "^6.5.2",
        "@codemirror/legacy-modes": "^6.5.4",
        "@codemirror/state": "^6.7.5",
        "@codemirror/theme-one-dark": "^6.1.3",
        "@codemirror/view": "^6.43.12",
        "@lezer/highlight": "^1.2.3",
        "@openchamber/sdk": "^1.24.2",
        "codemirror": "^6.0.2"
      }
    },
    "node_modules/@codemirror/autocomplete": {
      "version": "6.20.3",
      "resolved": "https://registry.npmjs.org/@codemirror/autocomplete/-/autocomplete-6.20.3.tgz",
      "integrity": "sha512-tlosUqb+3BbxCxZdu4tKeRghPFC+QM7q4X5YhKV2eCmPG+1r2F3f4AaSz5sCrFqUtX4Jh20VFTKecl16MgiV9g==",
      "dependencies": {
        "@codemirror/language": "^6.0.0",
        "@codemirror/state": "^6.0.0",
        "@codemirror/view": "^6.17.0",
        "@lezer/common": "^1.0.0"
      }
    },
    "node_modules/@codemirror/commands": {
      "version": "6.11.1",
      "resolved": "https://registry.npmjs.org/@codemirror/commands/-/commands-6.11.1.tgz",
      "integrity": "sha512-O/4hG3SC1YwcmQ0d2UVNDs+AsaNWd1iHVxbTeEBuqH+6bExAiPK3iS/BvpY6rZGURALv4ZD3sIgcCmRvw3ehBg==",
      "dependencies": {
        "@codemirror/language": "^6.0.0",
        "@codemirror/state": "^6.7.0",
        "@codemirror/view": "^6.27.0",
        "@lezer/common": "^1.1.0"
      }
    },
    "node_modules/@codemirror/lang-angular": {
      "version": "0.1.4",
      "resolved": "https://registry.npmjs.org/@codemirror/lang-angular/-/lang-angular-0.1.4.tgz",
      "integrity": "sha512-oap+gsltb/fzdlTQWD6BFF4bSLKcDnlxDsLdePiJpCVNKWXSTAbiiQeYI3UmES+BLAdkmIC1WjyztC1pi/bX4g==",
      "dependencies": {
        "@codemirror/lang-html": "^6.0.0",
        "@codemirror/lang-javascript": "^6.1.2",
        "@codemirror/language": "^6.0.0",
        "@lezer/common": "^1.2.0",
        "@lezer/highlight": "^1.0.0",
        "@lezer/lr": "^1.3.3"
      }
    },
    "node_modules/@codemirror/lang-cpp": {
      "version": "6.0.3",
      "resolved": "https://registry.npmjs.org/@codemirror/lang-cpp/-/lang-cpp-6.0.3.tgz",
      "integrity": "sha512-URM26M3vunFFn9/sm6rzqrBzDgfWuDixp85uTY49wKudToc2jTHUrKIGGKs+QWND+YLofNNZpxcNGRynFJfvgA==",
      "dependencies": {
        "@codemirror/language": "^6.0.0",
        "@lezer/cpp": "^1.0.0"
      }
    },
    "node_modules/@codemirror/lang-css": {
      "version": "6.3.1",
      "resolved": "https://registry.npmjs.org/@codemirror/lang-css/-/lang-css-6.3.1.tgz",
      "integrity": "sha512-kr5fwBGiGtmz6l0LSJIbno9QrifNMUusivHbnA1H6Dmqy4HZFte3UAICix1VuKo0lMPKQr2rqB+0BkKi/S3Ejg==",
      "dependencies": {
        "@codemirror/autocomplete": "^6.0.0",
        "@codemirror/language": "^6.0.0",
        "@codemirror/state": "^6.0.0",
        "@lezer/common": "^1.0.2",
        "@lezer/css": "^1.1.7"
      }
    },
    "node_modules/@codemirror/lang-go": {
      "version": "6.0.1",
      "resolved": "https://registry.npmjs.org/@codemirror/lang-go/-/lang-go-6.0.1.tgz",
      "integrity": "sha512-7fNvbyNylvqCphW9HD6WFnRpcDjr+KXX/FgqXy5H5ZS0eC5edDljukm/yNgYkwTsgp2busdod50AOTIy6Jikfg==",
      "dependencies": {
        "@codemirror/autocomplete": "^6.0.0",
        "@codemirror/language": "^6.6.0",
        "@codemirror/state": "^6.0.0",
        "@lezer/common": "^1.0.0",
        "@lezer/go": "^1.0.0"
      }
    },
    "node_modules/@codemirror/lang-html": {
      "version": "6.4.12",
      "resolved": "https://registry.npmjs.org/@codemirror/lang-html/-/lang-html-6.4.12.tgz",
      "integrity": "sha512-pw2ReWKUqSkbvh76RAT4NYxiogRu+PWkR2ukAwO9uOgrm8uipkzjtKKtNpyeAQwHOqxEeSvAXZ6vr3AfyB9y/w==",
      "dependencies": {
        "@codemirror/autocomplete": "^6.0.0",
        "@codemirror/lang-css": "^6.0.0",
        "@codemirror/lang-javascript": "^6.0.0",
        "@codemirror/language": "^6.4.0",
        "@codemirror/state": "^6.0.0",
        "@codemirror/view": "^6.17.0",
        "@lezer/common": "^1.0.0",
        "@lezer/css": "^1.1.0",
        "@lezer/html": "^1.3.12"
      }
    },
    "node_modules/@codemirror/lang-java": {
      "version": "6.0.2",
      "resolved": "https://registry.npmjs.org/@codemirror/lang-java/-/lang-java-6.0.2.tgz",
      "integrity": "sha512-m5Nt1mQ/cznJY7tMfQTJchmrjdjQ71IDs+55d1GAa8DGaB8JXWsVCkVT284C3RTASaY43YknrK2X3hPO/J3MOQ==",
      "dependencies": {
        "@codemirror/language": "^6.0.0",
        "@lezer/java": "^1.0.0"
      }
    },
    "node_modules/@codemirror/lang-javascript": {
      "version": "6.2.5",
      "resolved": "https://registry.npmjs.org/@codemirror/lang-javascript/-/lang-javascript-6.2.5.tgz",
      "integrity": "sha512-zD4e5mS+50htS7F+TYjBPsiIFGanfVqg4HyUz6WNFikgOPf2BgKlx+TQedI1w6n/IqRBVBbBWmGFdLB/7uxO4A==",
      "dependencies": {
        "@codemirror/autocomplete": "^6.0.0",
        "@codemirror/language": "^6.6.0",
        "@codemirror/lint": "^6.0.0",
        "@codemirror/state": "^6.0.0",
        "@codemirror/view": "^6.17.0",
        "@lezer/common": "^1.0.0",
        "@lezer/javascript": "^1.0.0"
      }
    },
    "node_modules/@codemirror/lang-jinja": {
      "version": "6.0.1",
      "resolved": "https://registry.npmjs.org/@codemirror/lang-jinja/-/lang-jinja-6.0.1.tgz",
      "integrity": "sha512-P5kyHLObzjtbGj16h+hyvZTxJhSjBEeSx4wMjbnAf3b0uwTy2+F0zGjMZL4PQOm/mh2eGZ5xUDVZXgwP783Nsw==",
      "dependencies": {
        "@codemirror/autocomplete": "^6.0.0",
        "@codemirror/lang-html": "^6.0.0",
        "@codemirror/language": "^6.0.0",
        "@codemirror/state": "^6.0.0",
        "@codemirror/view": "^6.0.0",
        "@lezer/common": "^1.2.0",
        "@lezer/highlight": "^1.2.0",
        "@lezer/lr": "^1.4.0"
      }
    },
    "node_modules/@codemirror/lang-json": {
      "version": "6.0.2",
      "resolved": "https://registry.npmjs.org/@codemirror/lang-json/-/lang-json-6.0.2.tgz",
      "integrity": "sha512-x2OtO+AvwEHrEwR0FyyPtfDUiloG3rnVTSZV1W8UteaLL8/MajQd8DpvUb2YVzC+/T18aSDv0H9mu+xw0EStoQ==",
      "dependencies": {
        "@codemirror/language": "^6.0.0",
        "@lezer/json": "^1.0.0"
      }
    },
    "node_modules/@codemirror/lang-less": {
      "version": "6.0.2",
      "resolved": "https://registry.npmjs.org/@codemirror/lang-less/-/lang-less-6.0.2.tgz",
      "integrity": "sha512-EYdQTG22V+KUUk8Qq582g7FMnCZeEHsyuOJisHRft/mQ+ZSZ2w51NupvDUHiqtsOy7It5cHLPGfHQLpMh9bqpQ==",
      "dependencies": {
        "@codemirror/lang-css": "^6.2.0",
        "@codemirror/language": "^6.0.0",
        "@lezer/common": "^1.2.0",
        "@lezer/highlight": "^1.0.0",
        "@lezer/lr": "^1.0.0"
      }
    },
    "node_modules/@codemirror/lang-liquid": {
      "version": "6.3.2",
      "resolved": "https://registry.npmjs.org/@codemirror/lang-liquid/-/lang-liquid-6.3.2.tgz",
      "integrity": "sha512-6PDVU3ZnfeYyz1at1E/ttorErZvZFXXt1OPhtfe1EZJ2V2iDFa0CwPqPgG5F7NXN0yONGoBogKmFAafKTqlwIw==",
      "dependencies": {
        "@codemirror/autocomplete": "^6.0.0",
        "@codemirror/lang-html": "^6.0.0",
        "@codemirror/language": "^6.0.0",
        "@codemirror/state": "^6.0.0",
        "@codemirror/view": "^6.0.0",
        "@lezer/common": "^1.0.0",
        "@lezer/highlight": "^1.0.0",
        "@lezer/lr": "^1.3.1"
      }
    },
    "node_modules/@codemirror/lang-markdown": {
      "version": "6.5.2",
      "resolved": "https://registry.npmjs.org/@codemirror/lang-markdown/-/lang-markdown-6.5.2.tgz",
      "integrity": "sha512-AwBOdkWYuA//WcM0xO5PfHPUcmz/O2i5o0Nsg1U69SII/loCJlFI1Romd9xp2HYb1kYJRGZotyqRghuHH5n8Kw==",
      "dependencies": {
        "@codemirror/autocomplete": "^6.7.1",
        "@codemirror/lang-html": "^6.0.0",
        "@codemirror/language": "^6.3.0",
        "@codemirror/state": "^6.0.0",
        "@codemirror/view": "^6.0.0",
        "@lezer/common": "^1.2.1",
        "@lezer/markdown": "^1.0.0"
      }
    },
    "node_modules/@codemirror/lang-php": {
      "version": "6.0.2",
      "resolved": "https://registry.npmjs.org/@codemirror/lang-php/-/lang-php-6.0.2.tgz",
      "integrity": "sha512-ZKy2v1n8Fc8oEXj0Th0PUMXzQJ0AIR6TaZU+PbDHExFwdu+guzOA4jmCHS1Nz4vbFezwD7LyBdDnddSJeScMCA==",
      "dependencies": {
        "@codemirror/lang-html": "^6.0.0",
        "@codemirror/language": "^6.0.0",
        "@codemirror/state": "^6.0.0",
        "@lezer/common": "^1.0.0",
        "@lezer/php": "^1.0.0"
      }
    },
    "node_modules/@codemirror/lang-python": {
      "version": "6.2.1",
      "resolved": "https://registry.npmjs.org/@codemirror/lang-python/-/lang-python-6.2.1.tgz",
      "integrity": "sha512-IRjC8RUBhn9mGR9ywecNhB51yePWCGgvHfY1lWN/Mrp3cKuHr0isDKia+9HnvhiWNnMpbGhWrkhuWOc09exRyw==",
      "dependencies": {
        "@codemirror/autocomplete": "^6.3.2",
        "@codemirror/language": "^6.8.0",
        "@codemirror/state": "^6.0.0",
        "@lezer/common": "^1.2.1",
        "@lezer/python": "^1.1.4"
      }
    },
    "node_modules/@codemirror/lang-rust": {
      "version": "6.0.2",
      "resolved": "https://registry.npmjs.org/@codemirror/lang-rust/-/lang-rust-6.0.2.tgz",
      "integrity": "sha512-EZaGjCUegtiU7kSMvOfEZpaCReowEf3yNidYu7+vfuGTm9ow4mthAparY5hisJqOHmJowVH3Upu+eJlUji6qqA==",
      "dependencies": {
        "@codemirror/language": "^6.0.0",
        "@lezer/rust": "^1.0.0"
      }
    },
    "node_modules/@codemirror/lang-sass": {
      "version": "6.0.2",
      "resolved": "https://registry.npmjs.org/@codemirror/lang-sass/-/lang-sass-6.0.2.tgz",
      "integrity": "sha512-l/bdzIABvnTo1nzdY6U+kPAC51czYQcOErfzQ9zSm9D8GmNPD0WTW8st/CJwBTPLO8jlrbyvlSEcN20dc4iL0Q==",
      "dependencies": {
        "@codemirror/lang-css": "^6.2.0",
        "@codemirror/language": "^6.0.0",
        "@codemirror/state": "^6.0.0",
        "@lezer/common": "^1.0.2",
        "@lezer/sass": "^1.0.0"
      }
    },
    "node_modules/@codemirror/lang-sql": {
      "version": "6.10.0",
      "resolved": "https://registry.npmjs.org/@codemirror/lang-sql/-/lang-sql-6.10.0.tgz",
      "integrity": "sha512-6ayPkEd/yRw0XKBx5uAiToSgGECo/GY2NoJIHXIIQh1EVwLuKoU8BP/qK0qH5NLXAbtJRLuT73hx7P9X34iO4w==",
      "dependencies": {
        "@codemirror/autocomplete": "^6.0.0",
        "@codemirror/language": "^6.0.0",
        "@codemirror/state": "^6.0.0",
        "@lezer/common": "^1.2.0",
        "@lezer/highlight": "^1.0.0",
        "@lezer/lr": "^1.0.0"
      }
    },
    "node_modules/@codemirror/lang-vue": {
      "version": "0.1.3",
      "resolved": "https://registry.npmjs.org/@codemirror/lang-vue/-/lang-vue-0.1.3.tgz",
      "integrity": "sha512-QSKdtYTDRhEHCfo5zOShzxCmqKJvgGrZwDQSdbvCRJ5pRLWBS7pD/8e/tH44aVQT6FKm0t6RVNoSUWHOI5vNug==",
      "dependencies": {
        "@codemirror/lang-html": "^6.0.0",
        "@codemirror/lang-javascript": "^6.1.2",
        "@codemirror/language": "^6.0.0",
        "@lezer/common": "^1.2.0",
        "@lezer/highlight": "^1.0.0",
        "@lezer/lr": "^1.3.1"
      }
    },
    "node_modules/@codemirror/lang-wast": {
      "version": "6.0.2",
      "resolved": "https://registry.npmjs.org/@codemirror/lang-wast/-/lang-wast-6.0.2.tgz",
      "integrity": "sha512-Imi2KTpVGm7TKuUkqyJ5NRmeFWF7aMpNiwHnLQe0x9kmrxElndyH0K6H/gXtWwY6UshMRAhpENsgfpSwsgmC6Q==",
      "dependencies": {
        "@codemirror/language": "^6.0.0",
        "@lezer/common": "^1.2.0",
        "@lezer/highlight": "^1.0.0",
        "@lezer/lr": "^1.0.0"
      }
    },
    "node_modules/@codemirror/lang-xml": {
      "version": "6.1.0",
      "resolved": "https://registry.npmjs.org/@codemirror/lang-xml/-/lang-xml-6.1.0.tgz",
      "integrity": "sha512-3z0blhicHLfwi2UgkZYRPioSgVTo9PV5GP5ducFH6FaHy0IAJRg+ixj5gTR1gnT/glAIC8xv4w2VL1LoZfs+Jg==",
      "dependencies": {
        "@codemirror/autocomplete": "^6.0.0",
        "@codemirror/language": "^6.4.0",
        "@codemirror/state": "^6.0.0",
        "@codemirror/view": "^6.0.0",
        "@lezer/common": "^1.0.0",
        "@lezer/xml": "^1.0.0"
      }
    },
    "node_modules/@codemirror/lang-yaml": {
      "version": "6.1.3",
      "resolved": "https://registry.npmjs.org/@codemirror/lang-yaml/-/lang-yaml-6.1.3.tgz",
      "integrity": "sha512-AZ8DJBuXGVHybpBQhmZtgew5//4hv3tdkXnr3vDmOUMJRuB6vn/uuwtmTOTlqEaQFg3hQSVeA90NmvIQyUV6FQ==",
      "dependencies": {
        "@codemirror/autocomplete": "^6.0.0",
        "@codemirror/language": "^6.0.0",
        "@codemirror/state": "^6.0.0",
        "@lezer/common": "^1.2.0",
        "@lezer/highlight": "^1.2.0",
        "@lezer/lr": "^1.0.0",
        "@lezer/yaml": "^1.0.0"
      }
    },
    "node_modules/@codemirror/language": {
      "version": "6.12.4",
      "resolved": "https://registry.npmjs.org/@codemirror/language/-/language-6.12.4.tgz",
      "integrity": "sha512-1q4PaT+o6PbgpkJt4Q8Fv5XJxTy4FUZ4MWETtyiDw3J0Pyr9E2vqcKL+k9wcvjNTIsauxvE7OfmWj3FRPHQ76A==",
      "dependencies": {
        "@codemirror/state": "^6.0.0",
        "@codemirror/view": "^6.23.0",
        "@lezer/common": "^1.5.0",
        "@lezer/highlight": "^1.0.0",
        "@lezer/lr": "^1.0.0",
        "style-mod": "^4.0.0"
      }
    },
    "node_modules/@codemirror/language-data": {
      "version": "6.5.2",
      "resolved": "https://registry.npmjs.org/@codemirror/language-data/-/language-data-6.5.2.tgz",
      "integrity": "sha512-CPkWBKrNS8stYbEU5kwBwTf3JB1kghlbh4FSAwzGW2TEscdeHHH4FGysREW86Mqnj3Qn09s0/6Ea/TutmoTobg==",
      "dependencies": {
        "@codemirror/lang-angular": "^0.1.0",
        "@codemirror/lang-cpp": "^6.0.0",
        "@codemirror/lang-css": "^6.0.0",
        "@codemirror/lang-go": "^6.0.0",
        "@codemirror/lang-html": "^6.0.0",
        "@codemirror/lang-java": "^6.0.0",
        "@codemirror/lang-javascript": "^6.0.0",
        "@codemirror/lang-jinja": "^6.0.0",
        "@codemirror/lang-json": "^6.0.0",
        "@codemirror/lang-less": "^6.0.0",
        "@codemirror/lang-liquid": "^6.0.0",
        "@codemirror/lang-markdown": "^6.0.0",
        "@codemirror/lang-php": "^6.0.0",
        "@codemirror/lang-python": "^6.0.0",
        "@codemirror/lang-rust": "^6.0.0",
        "@codemirror/lang-sass": "^6.0.0",
        "@codemirror/lang-sql": "^6.0.0",
        "@codemirror/lang-vue": "^0.1.1",
        "@codemirror/lang-wast": "^6.0.0",
        "@codemirror/lang-xml": "^6.0.0",
        "@codemirror/lang-yaml": "^6.0.0",
        "@codemirror/language": "^6.0.0",
        "@codemirror/legacy-modes": "^6.4.0"
      }
    },
    "node_modules/@codemirror/legacy-modes": {
      "version": "6.5.4",
      "resolved": "https://registry.npmjs.org/@codemirror/legacy-modes/-/legacy-modes-6.5.4.tgz",
      "integrity": "sha512-/cZr6qZyl08iYNLGsJ862CXXNI51LryRFRE40ejgoIjXZz0C1rGkD3/Ek5jM/8w1ceRjqtt4qx/KLMh4zBTgew==",
      "dependencies": {
        "@codemirror/language": "^6.0.0"
      }
    },
    "node_modules/@codemirror/lint": {
      "version": "6.9.7",
      "resolved": "https://registry.npmjs.org/@codemirror/lint/-/lint-6.9.7.tgz",
      "integrity": "sha512-28/+iWLYxKxsvGYhSYL7zaCZqLz5+FFFDq9tVsvGv9kv8RY4fFAchJ5WX9M3YrrRlTIsECjsXPqeNgnSmNP2dg==",
      "dependencies": {
        "@codemirror/state": "^6.0.0",
        "@codemirror/view": "^6.42.0",
        "crelt": "^1.0.5"
      }
    },
    "node_modules/@codemirror/search": {
      "version": "6.7.2",
      "resolved": "https://registry.npmjs.org/@codemirror/search/-/search-6.7.2.tgz",
      "integrity": "sha512-gUYkYhT2+n/+VGZ+8EzE5WFkYZUZYm1VOKDudIsNqh42uRVQJ0a6Yss9sdKT3MeOYfuL1N6AZA57oza0Oyr0LA==",
      "dependencies": {
        "@codemirror/state": "^6.0.0",
        "@codemirror/view": "^6.37.0",
        "crelt": "^1.0.5"
      }
    },
    "node_modules/@codemirror/state": {
      "version": "6.7.5",
      "resolved": "https://registry.npmjs.org/@codemirror/state/-/state-6.7.5.tgz",
      "integrity": "sha512-QjLbZmY1Au3JiRrDVYFLRD0BZ3SOKS9pR3yjIkd7u27YY8TFD9/Q9fhPnLV5l1mHFSo3hHU/N31vpwEJOx4owQ==",
      "dependencies": {
        "@marijn/find-cluster-break": "^1.0.0"
      }
    },
    "node_modules/@codemirror/theme-one-dark": {
      "version": "6.1.3",
      "resolved": "https://registry.npmjs.org/@codemirror/theme-one-dark/-/theme-one-dark-6.1.3.tgz",
      "integrity": "sha512-NzBdIvEJmx6fjeremiGp3t/okrLPYT0d9orIc7AFun8oZcRk58aejkqhv6spnz4MLAevrKNPMQYXEWMg4s+sKA==",
      "dependencies": {
        "@codemirror/language": "^6.0.0",
        "@codemirror/state": "^6.0.0",
        "@codemirror/view": "^6.0.0",
        "@lezer/highlight": "^1.0.0"
      }
    },
    "node_modules/@codemirror/view": {
      "version": "6.43.12",
      "resolved": "https://registry.npmjs.org/@codemirror/view/-/view-6.43.12.tgz",
      "integrity": "sha512-Nv0vxQ19NAqvB/c2pFzjIzFlzzJl7jmdtNkwOwGbn0Ks9mFAzibvumz7cQem5cRsFA2cEw2fg+uHZGbcHupLQQ==",
      "dependencies": {
        "@codemirror/state": "^6.7.0",
        "crelt": "^1.0.6",
        "style-mod": "^4.1.0",
        "w3c-keyname": "^2.2.4"
      }
    },
    "node_modules/@lezer/common": {
      "version": "1.5.2",
      "resolved": "https://registry.npmjs.org/@lezer/common/-/common-1.5.2.tgz",
      "integrity": "sha512-sxQE460fPZyU3sdc8lafxiPwJHBzZRy/udNFynGQky1SePYBdhkBl1kOagA9uT3pxR8K09bOrmTUqA9wb/PjSQ=="
    },
    "node_modules/@lezer/cpp": {
      "version": "1.1.6",
      "resolved": "https://registry.npmjs.org/@lezer/cpp/-/cpp-1.1.6.tgz",
      "integrity": "sha512-vh9gWWJOXFVY8HBHK3Twzq8MgwG2iN4GSyzBP9sCGTe37P15x2R14VaBQk0VA0ezTRN1KHYBBsHhvpGZ2Xy/pA==",
      "dependencies": {
        "@lezer/common": "^1.2.0",
        "@lezer/highlight": "^1.0.0",
        "@lezer/lr": "^1.0.0"
      }
    },
    "node_modules/@lezer/css": {
      "version": "1.3.7",
      "resolved": "https://registry.npmjs.org/@lezer/css/-/css-1.3.7.tgz",
      "integrity": "sha512-ZuliDOBDNr/WPUL87qyN1BOeAv/ZuF2UxG8xJnlTp+R6ltQo/ybXyIqMK4j3H9bhOCq56mD+yL+dwWdrNOp+oA==",
      "dependencies": {
        "@lezer/common": "^1.2.0",
        "@lezer/highlight": "^1.0.0",
        "@lezer/lr": "^1.3.0"
      }
    },
    "node_modules/@lezer/go": {
      "version": "1.0.1",
      "resolved": "https://registry.npmjs.org/@lezer/go/-/go-1.0.1.tgz",
      "integrity": "sha512-xToRsYxwsgJNHTgNdStpcvmbVuKxTapV0dM0wey1geMMRc9aggoVyKgzYp41D2/vVOx+Ii4hmE206kvxIXBVXQ==",
      "dependencies": {
        "@lezer/common": "^1.2.0",
        "@lezer/highlight": "^1.0.0",
        "@lezer/lr": "^1.3.0"
      }
    },
    "node_modules/@lezer/highlight": {
      "version": "1.2.3",
      "resolved": "https://registry.npmjs.org/@lezer/highlight/-/highlight-1.2.3.tgz",
      "integrity": "sha512-qXdH7UqTvGfdVBINrgKhDsVTJTxactNNxLk7+UMwZhU13lMHaOBlJe9Vqp907ya56Y3+ed2tlqzys7jDkTmW0g==",
      "dependencies": {
        "@lezer/common": "^1.3.0"
      }
    },
    "node_modules/@lezer/html": {
      "version": "1.3.13",
      "resolved": "https://registry.npmjs.org/@lezer/html/-/html-1.3.13.tgz",
      "integrity": "sha512-oI7n6NJml729m7pjm9lvLvmXbdoMoi2f+1pwSDJkl9d68zGr7a9Btz8NdHTGQZtW2DA25ybeuv/SyDb9D5tseg==",
      "dependencies": {
        "@lezer/common": "^1.2.0",
        "@lezer/highlight": "^1.0.0",
        "@lezer/lr": "^1.0.0"
      }
    },
    "node_modules/@lezer/java": {
      "version": "1.1.4",
      "resolved": "https://registry.npmjs.org/@lezer/java/-/java-1.1.4.tgz",
      "integrity": "sha512-gQylJ2xHV2xXsVqtnAcJrcROvLZJaQiC0tR//+q0k961BxqvyYttusPkJ8d9T1fPDJKHJW2etUH8XbIn9jhVUg==",
      "dependencies": {
        "@lezer/common": "^1.2.0",
        "@lezer/highlight": "^1.0.0",
        "@lezer/lr": "^1.0.0"
      }
    },
    "node_modules/@lezer/javascript": {
      "version": "1.5.5",
      "resolved": "https://registry.npmjs.org/@lezer/javascript/-/javascript-1.5.5.tgz",
      "integrity": "sha512-sWg4yX1J6XW67AaAynVt0iwF0M5c+np36TEu+P2ifAJ8haRYvHnWDV28r1jdwnJehWCwXECutAUy56K4RBZIyg==",
      "dependencies": {
        "@lezer/common": "^1.2.0",
        "@lezer/highlight": "^1.1.3",
        "@lezer/lr": "^1.3.0"
      }
    },
    "node_modules/@lezer/json": {
      "version": "1.0.3",
      "resolved": "https://registry.npmjs.org/@lezer/json/-/json-1.0.3.tgz",
      "integrity": "sha512-BP9KzdF9Y35PDpv04r0VeSTKDeox5vVr3efE7eBbx3r4s3oNLfunchejZhjArmeieBH+nVOpgIiBJpEAv8ilqQ==",
      "dependencies": {
        "@lezer/common": "^1.2.0",
        "@lezer/highlight": "^1.0.0",
        "@lezer/lr": "^1.0.0"
      }
    },
    "node_modules/@lezer/lr": {
      "version": "1.4.10",
      "resolved": "https://registry.npmjs.org/@lezer/lr/-/lr-1.4.10.tgz",
      "integrity": "sha512-rnCpTIBafOx4mRp43xOxDJbFipJm/c0cia/V5TiGlhmMa+wsSdoGmUN3w5Bqrks/09Q/D4tNAmWaT8p6NRi77A==",
      "dependencies": {
        "@lezer/common": "^1.0.0"
      }
    },
    "node_modules/@lezer/markdown": {
      "version": "1.7.2",
      "resolved": "https://registry.npmjs.org/@lezer/markdown/-/markdown-1.7.2.tgz",
      "integrity": "sha512-iTkYvoVcKt3WkeL7qUDyXHONZEwLio4wj8KTNi2dnjQEXBZKMV63BpQrPqfsM+OkvuRbiSTAcycYAsQzLhRNoQ==",
      "dependencies": {
        "@lezer/common": "^1.5.0",
        "@lezer/highlight": "^1.0.0"
      }
    },
    "node_modules/@lezer/php": {
      "version": "1.0.6",
      "resolved": "https://registry.npmjs.org/@lezer/php/-/php-1.0.6.tgz",
      "integrity": "sha512-QJ2xNXPmsm/Z3IpThq8fnJrEIVpxhsIoj6GZBW0JYEd/l9zxpJZW216X4fzqQY4vgpdGIumypvI4uQjd4tnYtw==",
      "dependencies": {
        "@lezer/common": "^1.2.0",
        "@lezer/highlight": "^1.0.0",
        "@lezer/lr": "^1.1.0"
      }
    },
    "node_modules/@lezer/python": {
      "version": "1.1.19",
      "resolved": "https://registry.npmjs.org/@lezer/python/-/python-1.1.19.tgz",
      "integrity": "sha512-MhQIURHRytsNzP/YXnqpYKW6la6voAH3kyplTOOiCdjyFY6cWWGFVmYVdHIPrElqSDf4iCDktQCockB9FxuhzQ==",
      "dependencies": {
        "@lezer/common": "^1.2.0",
        "@lezer/highlight": "^1.0.0",
        "@lezer/lr": "^1.0.0"
      }
    },
    "node_modules/@lezer/rust": {
      "version": "1.0.3",
      "resolved": "https://registry.npmjs.org/@lezer/rust/-/rust-1.0.3.tgz",
      "integrity": "sha512-XxErOjZzQ7yJt1agUT4fu9qQvESZ3acgoxpPaPTPOiUx+duCjaVAtZGFIgphkHxlN05djdVAIOy/wItShMEjqQ==",
      "dependencies": {
        "@lezer/common": "^1.2.0",
        "@lezer/highlight": "^1.0.0",
        "@lezer/lr": "^1.0.0"
      }
    },
    "node_modules/@lezer/sass": {
      "version": "1.1.0",
      "resolved": "https://registry.npmjs.org/@lezer/sass/-/sass-1.1.0.tgz",
      "integrity": "sha512-3mMGdCTUZ/84ArHOuXWQr37pnf7f+Nw9ycPUeKX+wu19b7pSMcZGLbaXwvD2APMBDOGxPmpK/O6S1v1EvLoqgQ==",
      "dependencies": {
        "@lezer/common": "^1.2.0",
        "@lezer/highlight": "^1.0.0",
        "@lezer/lr": "^1.0.0"
      }
    },
    "node_modules/@lezer/xml": {
      "version": "1.0.6",
      "resolved": "https://registry.npmjs.org/@lezer/xml/-/xml-1.0.6.tgz",
      "integrity": "sha512-CdDwirL0OEaStFue/66ZmFSeppuL6Dwjlk8qk153mSQwiSH/Dlri4GNymrNWnUmPl2Um7QfV1FO9KFUyX3Twww==",
      "dependencies": {
        "@lezer/common": "^1.2.0",
        "@lezer/highlight": "^1.0.0",
        "@lezer/lr": "^1.0.0"
      }
    },
    "node_modules/@lezer/yaml": {
      "version": "1.0.4",
      "resolved": "https://registry.npmjs.org/@lezer/yaml/-/yaml-1.0.4.tgz",
      "integrity": "sha512-2lrrHqxalACEbxIbsjhqGpSW8kWpUKuY6RHgnSAFZa6qK62wvnPxA8hGOwOoDbwHcOFs5M4o27mjGu+P7TvBmw==",
      "dependencies": {
        "@lezer/common": "^1.2.0",
        "@lezer/highlight": "^1.0.0",
        "@lezer/lr": "^1.4.0"
      }
    },
    "node_modules/@marijn/find-cluster-break": {
      "version": "1.0.4",
      "resolved": "https://registry.npmjs.org/@marijn/find-cluster-break/-/find-cluster-break-1.0.4.tgz",
      "integrity": "sha512-Wy0V7+SGUjnF9/TkiM1hKVDPj7jKXduPNboMVtHTA8dySMURWqfg/JZ9E2Sq8JgSJmkl7k7Qe9FLeMSrSraWmQ=="
    },
    "node_modules/@openchamber/sdk": {
      "version": "1.24.2",
      "resolved": "https://registry.npmjs.org/@openchamber/sdk/-/sdk-1.24.2.tgz",
      "integrity": "sha512-UgzW6PUOUb3MUehEbb/fA64pW/3D9kTr7k18a/24ECnQ/OkRyle09wj+pXGX/IiKxYeJCnv0Y3G27R6oZP9PjQ==",
      "dependencies": {
        "zod": "^4.3.6"
      },
      "bin": {
        "openchamber-guest-bundle": "scripts/bundle-guest.ts"
      }
    },
    "node_modules/codemirror": {
      "version": "6.0.2",
      "resolved": "https://registry.npmjs.org/codemirror/-/codemirror-6.0.2.tgz",
      "integrity": "sha512-VhydHotNW5w1UGK0Qj96BwSk/Zqbp9WbnyK2W/eVMv4QyF41INRGpjUhFJY7/uDNuudSc33a/PKr4iDqRduvHw==",
      "dependencies": {
        "@codemirror/autocomplete": "^6.0.0",
        "@codemirror/commands": "^6.0.0",
        "@codemirror/language": "^6.0.0",
        "@codemirror/lint": "^6.0.0",
        "@codemirror/search": "^6.0.0",
        "@codemirror/state": "^6.0.0",
        "@codemirror/view": "^6.0.0"
      }
    },
    "node_modules/crelt": {
      "version": "1.0.7",
      "resolved": "https://registry.npmjs.org/crelt/-/crelt-1.0.7.tgz",
      "integrity": "sha512-aK6BbWfhf4U/wCcLHKPJl/xa6VkVstRaPywWtMKGwuOLc/wZTyQYuoxgvZnNsBvv7Kg3YTBQYYBCggcviQczuA=="
    },
    "node_modules/style-mod": {
      "version": "4.1.4",
      "resolved": "https://registry.npmjs.org/style-mod/-/style-mod-4.1.4.tgz",
      "integrity": "sha512-XXWIQt633/EpAFx8aZDOTjBzrCaGmhvEQlQo6MVPfa2OzO2cWo+4hV9h+6UkHYlXGfy+ODXKUdP7Pthmcu5ATw=="
    },
    "node_modules/w3c-keyname": {
      "version": "2.2.8",
      "resolved": "https://registry.npmjs.org/w3c-keyname/-/w3c-keyname-2.2.8.tgz",
      "integrity": "sha512-dpojBhNsCNN7T82Tm7k26A6G9ML3NkhDsnw9n/eoxSRlVBB4CEtIQ/KTCLI2Fwf3ataSXRhYFkQi3SlnFwPvPQ=="
    },
    "node_modules/zod": {
      "version": "4.6.5",
      "resolved": "https://registry.npmjs.org/zod/-/zod-4.6.5.tgz",
      "integrity": "sha512-v5l/aFXZQeai4awLbOpSoHecE9UiMrnfx75tEXLjNonXVARxQ5mOeipTjROUchszUNCqnE+hqAMujRsRHsut2Q==",
      "funding": {
        "url": "https://github.com/sponsors/colinhacks"
      }
    }
  }
}
